{
  "name": "API_Server-2.11-master",
  "version": "1.0.0",
  "lockfileVersion": 1,
  "requires": true,
  "dependencies": {
    "graceful-fs": {
      "version": "4.2.8",
      "resolved": "https://registry.npmjs.org/graceful-fs/-/graceful-fs-4.2.8.tgz",
      "integrity": "sha512-qkIilPUYcNhJpd33n0GBXTB1MMPp14TxEsEs0pTrsSVucApsYzW5V+Q8Qxhik6KU3evy+qkAAowTByymK0avdg=="
    },
    "ini": {
      "version": "2.0.0",
      "resolved": "https://registry.npmjs.org/ini/-/ini-2.0.0.tgz",
      "integrity": "sha512-7PnF4oN3CvZF23ADhA5wRaYEQpJ8qygSkbtTXWBeXWXmEVRXK+1ITciHWwHhsjv1TmW0MgacIv6hEi5pX5NQdA=="
    },
    "read-ini-file": {
      "version": "3.0.1",
      "resolved": "https://registry.npmjs.org/read-ini-file/-/read-ini-file-3.0.1.tgz",
      "integrity": "sha512-ANh+NIzAVY1J9BUH2rQ0IQpQWV8ixHhgwzJCsMh3wJUBED9piCr3COrVp9+V455HHLp66vj5tH+SHmpJ+aqUFA==",
      "requires": {
        "graceful-fs": "^4.2.4",
        "ini": "^2.0.0",
        "strip-bom": "^4.0.0"
      }
    },
    "strip-bom": {
      "version": "4.0.0",
      "resolved": "https://registry.npmjs.org/strip-bom/-/strip-bom-4.0.0.tgz",
      "integrity": "sha512-3xurFv5tEgii33Zi8Jtp55wEIILR9eh34FAW00PZf+JnSsTmV/ioewSgQl97JHvgjoRGwPShsWm+IdrxB35d0w=="
    }
  }
}
